
Microsoft Visual Studio Solution File, Format Version 12.00
# Visual Studio 15
VisualStudioVersion = 15.0.28307.489
MinimumVisualStudioVersion = 10.0.40219.1
Project("{9A19103F-16F7-4668-BE54-9A1E7A4F7556}") = "UserCRUD", "UserCRUD\UserCRUD.csproj", "{E6A2EC11-9619-412C-9BD3-3A37F16AA04D}"
EndProject
Project("{9A19103F-16F7-4668-BE54-9A1E7A4F7556}") = "UserCRUD.DTO", "UserCRUD.DTO\UserCRUD.DTO.csproj", "{B3224EAA-45E6-4E14-B1F8-97E9955FDD0A}"
EndProject
Project("{9A19103F-16F7-4668-BE54-9A1E7A4F7556}") = "UserCRUD.Core", "UserCRUD.Core\UserCRUD.Core.csproj", "{39517675-AE6F-48BA-BC8F-0EB0F302098F}"
EndProject
Project("{9A19103F-16F7-4668-BE54-9A1E7A4F7556}") = "UserCRUD.Infrastructure", "UserCRUD.Infrastructure\UserCRUD.Infrastructure.csproj", "{D58ED664-977C-437D-891C-CA9F3638EE1D}"
EndProject
Global
	GlobalSection(SolutionConfigurationPlatforms) = preSolution
		Debug|Any CPU = Debug|Any CPU
		Release|Any CPU = Release|Any CPU
	EndGlobalSection
	GlobalSection(ProjectConfigurationPlatforms) = postSolution
		{E6A2EC11-9619-412C-9BD3-3A37F16AA04D}.Debug|Any CPU.ActiveCfg = Debug|Any CPU
		{E6A2EC11-9619-412C-9BD3-3A37F16AA04D}.Debug|Any CPU.Build.0 = Debug|Any CPU
		{E6A2EC11-9619-412C-9BD3-3A37F16AA04D}.Release|Any CPU.ActiveCfg = Release|Any CPU
		{E6A2EC11-9619-412C-9BD3-3A37F16AA04D}.Release|Any CPU.Build.0 = Release|Any CPU
		{B3224EAA-45E6-4E14-B1F8-97E9955FDD0A}.Debug|Any CPU.ActiveCfg = Debug|Any CPU
		{B3224EAA-45E6-4E14-B1F8-97E9955FDD0A}.Debug|Any CPU.Build.0 = Debug|Any CPU
		{B3224EAA-45E6-4E14-B1F8-97E9955FDD0A}.Release|Any CPU.ActiveCfg = Release|Any CPU
		{B3224EAA-45E6-4E14-B1F8-97E9955FDD0A}.Release|Any CPU.Build.0 = Release|Any CPU
		{39517675-AE6F-48BA-BC8F-0EB0F302098F}.Debug|Any CPU.ActiveCfg = Debug|Any CPU
		{39517675-AE6F-48BA-BC8F-0EB0F302098F}.Debug|Any CPU.Build.0 = Debug|Any CPU
		{39517675-AE6F-48BA-BC8F-0EB0F302098F}.Release|Any CPU.ActiveCfg = Release|Any CPU
		{39517675-AE6F-48BA-BC8F-0EB0F302098F}.Release|Any CPU.Build.0 = Release|Any CPU
		{D58ED664-977C-437D-891C-CA9F3638EE1D}.Debug|Any CPU.ActiveCfg = Debug|Any CPU
		{D58ED664-977C-437D-891C-CA9F3638EE1D}.Debug|Any CPU.Build.0 = Debug|Any CPU
		{D58ED664-977C-437D-891C-CA9F3638EE1D}.Release|Any CPU.ActiveCfg = Release|Any CPU
		{D58ED664-977C-437D-891C-CA9F3638EE1D}.Release|Any CPU.Build.0 = Release|Any CPU
	EndGlobalSection
	GlobalSection(SolutionProperties) = preSolution
		HideSolutionNode = FALSE
	EndGlobalSection
	GlobalSection(ExtensibilityGlobals) = postSolution
		SolutionGuid = {8284207B-1D40-4DBE-A53F-0F47A89D3848}
	EndGlobalSection
EndGlobal
